
Microsoft Visual Studio Solution File, Format Version 12.00
# Visual Studio Version 16
VisualStudioVersion = 16.0.30413.136
MinimumVisualStudioVersion = 10.0.40219.1
Project("{FAE04EC0-301F-11D3-BF4B-00C04F79EFBC}") = "Priklad_7", "Priklad_7\Priklad_7.csproj", "{A433D1B3-4BBE-413C-B500-8AC2484E8EAD}"
EndProject
Global
	GlobalSection(SolutionConfigurationPlatforms) = preSolution
		Debug|Any CPU = Debug|Any CPU
		Release|Any CPU = Release|Any CPU
	EndGlobalSection
	GlobalSection(ProjectConfigurationPlatforms) = postSolution
		{A433D1B3-4BBE-413C-B500-8AC2484E8EAD}.Debug|Any CPU.ActiveCfg = Debug|Any CPU
		{A433D1B3-4BBE-413C-B500-8AC2484E8EAD}.Debug|Any CPU.Build.0 = Debug|Any CPU
		{A433D1B3-4BBE-413C-B500-8AC2484E8EAD}.Release|Any CPU.ActiveCfg = Release|Any CPU
		{A433D1B3-4BBE-413C-B500-8AC2484E8EAD}.Release|Any CPU.Build.0 = Release|Any CPU
	EndGlobalSection
	GlobalSection(SolutionProperties) = preSolution
		HideSolutionNode = FALSE
	EndGlobalSection
	GlobalSection(ExtensibilityGlobals) = postSolution
		SolutionGuid = {8AED86BC-6CC7-41C5-AFE4-52A1B0DC2A86}
	EndGlobalSection
EndGlobal
